<?xml version="1.0" encoding="utf-8"?>
<Project ToolsVersion="4.0" xmlns="http://schemas.microsoft.com/developer/msbuild/2003">
  <ItemGroup>
    <Filter Include="Fichiers sources">
      <UniqueIdentifier>{4FC737F1-C7A5-4376-A066-2A32D752A2FF}</UniqueIdentifier>
      <Extensions>cpp;c;cc;cxx;c++;cppm;ixx;def;odl;idl;hpj;bat;asm;asmx</Extensions>
    </Filter>
    <Filter Include="Fichiers d%27en-tête">
      <UniqueIdentifier>{93995380-89BD-4b04-88EB-625FBE52EBFB}</UniqueIdentifier>
      <Extensions>h;hh;hpp;hxx;h++;hm;inl;inc;ipp;xsd</Extensions>
    </Filter>
    <Filter Include="Fichiers de ressources">
      <UniqueIdentifier>{67DA6AB6-F800-4c08-8B7A-83BB121AAD01}</UniqueIdentifier>
      <Extensions>rc;ico;cur;bmp;dlg;rc2;rct;bin;rgs;gif;jpg;jpeg;jpe;resx;tiff;tif;png;wav;mfcribbon-ms</Extensions>
    </Filter>
  </ItemGroup>
  <ItemGroup>
    <ClCompile Include="src\Main.cpp">
      <Filter>Fichiers sources</Filter>
    </ClCompile>
    <ClCompile Include="src\glad.c">
      <Filter>Fichiers sources</Filter>
    </ClCompile>
    <ClCompile Include="src\Graphic\Texture\TextureManager.cpp">
      <Filter>Fichiers sources</Filter>
    </ClCompile>
    <ClCompile Include="src\Game\Block\Block.cpp">
      <Filter>Fichiers sources</Filter>
    </ClCompile>
    <ClCompile Include="src\Game\Block\SpecificBlocks\CraftingTable.cpp">
      <Filter>Fichiers sources</Filter>
    </ClCompile>
    <ClCompile Include="src\Game\Block\SpecificBlocks\BirchWood.cpp">
      <Filter>Fichiers sources</Filter>
    </ClCompile>
    <ClCompile Include="src\Graphic\GraphicManager.cpp">
      <Filter>Fichiers sources</Filter>
    </ClCompile>
    <ClCompile Include="src\Game\Block\Chunk.cpp">
      <Filter>Fichiers sources</Filter>
    </ClCompile>
    <ClCompile Include="src\Game\Block\ChunkManager.cpp">
      <Filter>Fichiers sources</Filter>
    </ClCompile>
    <ClCompile Include="src\Game\Maths\Vector2I.cpp">
      <Filter>Fichiers sources</Filter>
    </ClCompile>
    <ClCompile Include="src\Game\Maths\Vector3I.cpp">
      <Filter>Fichiers sources</Filter>
    </ClCompile>
    <ClCompile Include="src\Game\Block\SpecificBlocks\GrassBlock.cpp">
      <Filter>Fichiers sources</Filter>
    </ClCompile>
    <ClCompile Include="src\Game\Block\SpecificBlocks\GrassBlockSnow.cpp">
      <Filter>Fichiers sources</Filter>
    </ClCompile>
    <ClCompile Include="src\Graphic\MaFenetre.cpp">
      <Filter>Fichiers sources</Filter>
    </ClCompile>
    <ClCompile Include="src\Graphic\Shader\shader_s.cpp">
      <Filter>Fichiers sources</Filter>
    </ClCompile>
    <ClCompile Include="src\Game\BlockSelector.cpp">
      <Filter>Fichiers sources</Filter>
    </ClCompile>
  </ItemGroup>
  <ItemGroup>
    <ClInclude Include="src\Graphic\Shader\shader_s.h">
      <Filter>Fichiers d%27en-tête</Filter>
    </ClInclude>
    <ClInclude Include="src\Graphic\Texture\TextureManager.h">
      <Filter>Fichiers d%27en-tête</Filter>
    </ClInclude>
    <ClInclude Include="src\IncludeLibrairies.h">
      <Filter>Fichiers d%27en-tête</Filter>
    </ClInclude>
    <ClInclude Include="src\Game\Block\Block.h">
      <Filter>Fichiers d%27en-tête</Filter>
    </ClInclude>
    <ClInclude Include="src\Game\Block\SpecificBlocks\CraftingTable.h">
      <Filter>Fichiers d%27en-tête</Filter>
    </ClInclude>
    <ClInclude Include="src\Game\Block\SpecificBlocks\BirchWood.h">
      <Filter>Fichiers d%27en-tête</Filter>
    </ClInclude>
    <ClInclude Include="src\Graphic\GraphicManager.h">
      <Filter>Fichiers d%27en-tête</Filter>
    </ClInclude>
    <ClInclude Include="src\Game\Block\Chunk.h">
      <Filter>Fichiers d%27en-tête</Filter>
    </ClInclude>
    <ClInclude Include="src\Game\Block\ChunkManager.h">
      <Filter>Fichiers d%27en-tête</Filter>
    </ClInclude>
    <ClInclude Include="src\Game\Maths\Vector2I.h">
      <Filter>Fichiers d%27en-tête</Filter>
    </ClInclude>
    <ClInclude Include="src\Game\Maths\Vector3I.h">
      <Filter>Fichiers d%27en-tête</Filter>
    </ClInclude>
    <ClInclude Include="src\Game\Block\SpecificBlocks\GrassBlock.h">
      <Filter>Fichiers d%27en-tête</Filter>
    </ClInclude>
    <ClInclude Include="src\Game\Block\SpecificBlocks\GrassBlockSnow.h">
      <Filter>Fichiers d%27en-tête</Filter>
    </ClInclude>
    <ClInclude Include="src\Graphic\MaFenetre.h">
      <Filter>Fichiers d%27en-tête</Filter>
    </ClInclude>
    <ClInclude Include="src\Game\BlockSelector.h">
      <Filter>Fichiers d%27en-tête</Filter>
    </ClInclude>
  </ItemGroup>
  <ItemGroup>
    <None Include="src\Graphic\Shader\shader.fs" />
    <None Include="src\Graphic\Shader\shader.vs" />
    <None Include="src\Graphic\Shader\shaderSelection.fs" />
    <None Include="src\Graphic\Shader\shaderSelection.vs" />
    <None Include="src\Graphic\Shader\shaderViseur.fs" />
    <None Include="src\Graphic\Shader\shaderViseur.vs" />
    <None Include="src\Graphic\Shader\shaderHotbarSelection.vs" />
    <None Include="src\Graphic\Shader\shaderHotbar.fs" />
    <None Include="src\Graphic\Shader\shaderHotbar.vs" />
    <None Include="src\Graphic\Shader\shaderHotbarBlock.fs" />
    <None Include="src\Graphic\Shader\shaderHotbarBlock.vs" />
    <None Include="src\Graphic\Shader\shaderHotbarSelection.fs" />
  </ItemGroup>
  <ItemGroup>
    <Image Include="Assets\Block\birch_log.png">
      <Filter>Fichiers de ressources</Filter>
    </Image>
    <Image Include="Assets\Block\birch_log_top.png">
      <Filter>Fichiers de ressources</Filter>
    </Image>
    <Image Include="Assets\Block\crafting_table_front.png">
      <Filter>Fichiers de ressources</Filter>
    </Image>
    <Image Include="Assets\Block\crafting_table_side.png">
      <Filter>Fichiers de ressources</Filter>
    </Image>
    <Image Include="Assets\Block\crafting_table_top.png">
      <Filter>Fichiers de ressources</Filter>
    </Image>
    <Image Include="Assets\Block\dirt.png">
      <Filter>Fichiers de ressources</Filter>
    </Image>
    <Image Include="Assets\Block\grass_block_side.png">
      <Filter>Fichiers de ressources</Filter>
    </Image>
    <Image Include="Assets\Block\grass_block_snow_side.png">
      <Filter>Fichiers de ressources</Filter>
    </Image>
    <Image Include="Assets\Block\grass_block_snow_top.png">
      <Filter>Fichiers de ressources</Filter>
    </Image>
    <Image Include="Assets\Block\grass_block_top.png">
      <Filter>Fichiers de ressources</Filter>
    </Image>
  </ItemGroup>
</Project>